// !$*UTF8*$!
{
	archiveVersion = 1;
	classes = {
	};
	objectVersion = 50;
	objects = {

/* Begin PBXBuildFile section */
		68011B6D23E6016B006DA806 /* FGItemInfoView.swift in Sources */ = {isa = PBXBuildFile; fileRef = 68011B6C23E6016B006DA806 /* FGItemInfoView.swift */; };
		68011B6F23E609E1006DA806 /* ItemInfoVC.swift in Sources */ = {isa = PBXBuildFile; fileRef = 68011B6E23E609E1006DA806 /* ItemInfoVC.swift */; };
		68011B7123E61207006DA806 /* FGReposItemInfoVC.swift in Sources */ = {isa = PBXBuildFile; fileRef = 68011B7023E61207006DA806 /* FGReposItemInfoVC.swift */; };
		68011B7323E615A9006DA806 /* FGFollowersItemInfoVC.swift in Sources */ = {isa = PBXBuildFile; fileRef = 68011B7223E615A9006DA806 /* FGFollowersItemInfoVC.swift */; };
		68011B7623E62EBF006DA806 /* Date+Ext.swift in Sources */ = {isa = PBXBuildFile; fileRef = 68011B7523E62EBF006DA806 /* Date+Ext.swift */; };
		681C0A8A23ECC9D600DA7631 /* UITableView+Ext.swift in Sources */ = {isa = PBXBuildFile; fileRef = 681C0A8923ECC9D600DA7631 /* UITableView+Ext.swift */; };
		682EDBEB23DE0DF300423ACC /* AppDelegate.swift in Sources */ = {isa = PBXBuildFile; fileRef = 682EDBEA23DE0DF300423ACC /* AppDelegate.swift */; };
		682EDBED23DE0DF300423ACC /* SceneDelegate.swift in Sources */ = {isa = PBXBuildFile; fileRef = 682EDBEC23DE0DF300423ACC /* SceneDelegate.swift */; };
		682EDBF423DE0DF400423ACC /* Assets.xcassets in Resources */ = {isa = PBXBuildFile; fileRef = 682EDBF323DE0DF400423ACC /* Assets.xcassets */; };
		682EDBF723DE0DF400423ACC /* LaunchScreen.storyboard in Resources */ = {isa = PBXBuildFile; fileRef = 682EDBF523DE0DF400423ACC /* LaunchScreen.storyboard */; };
		683054D623EB4FDC009F1FA2 /* PersistenceService.swift in Sources */ = {isa = PBXBuildFile; fileRef = 683054D523EB4FDC009F1FA2 /* PersistenceService.swift */; };
		683054D823EB6FC6009F1FA2 /* FavoriteCell.swift in Sources */ = {isa = PBXBuildFile; fileRef = 683054D723EB6FC6009F1FA2 /* FavoriteCell.swift */; };
		68336CB823DF185300D69E64 /* SearchController.swift in Sources */ = {isa = PBXBuildFile; fileRef = 68336CB723DF185300D69E64 /* SearchController.swift */; };
		68336CBA23DF188F00D69E64 /* FavoriteListController.swift in Sources */ = {isa = PBXBuildFile; fileRef = 68336CB923DF188F00D69E64 /* FavoriteListController.swift */; };
		6851923823DF69C50015B2FA /* FGButton.swift in Sources */ = {isa = PBXBuildFile; fileRef = 6851923723DF69C50015B2FA /* FGButton.swift */; };
		6851923C23DF80E90015B2FA /* FollowerListController.swift in Sources */ = {isa = PBXBuildFile; fileRef = 6851923B23DF80E90015B2FA /* FollowerListController.swift */; };
		68578CC923F156450076AE08 /* UITextField+Ext.swift in Sources */ = {isa = PBXBuildFile; fileRef = 68578CC823F156450076AE08 /* UITextField+Ext.swift */; };
		68678C1623E2301A009EEA10 /* Follower.swift in Sources */ = {isa = PBXBuildFile; fileRef = 68678C1523E2301A009EEA10 /* Follower.swift */; };
		68678C1823E23073009EEA10 /* User.swift in Sources */ = {isa = PBXBuildFile; fileRef = 68678C1723E23073009EEA10 /* User.swift */; };
		68678C1B23E237FD009EEA10 /* GitHubService.swift in Sources */ = {isa = PBXBuildFile; fileRef = 68678C1A23E237FD009EEA10 /* GitHubService.swift */; };
		6880DDF523E2D0AA007B64BC /* FGError.swift in Sources */ = {isa = PBXBuildFile; fileRef = 6880DDF423E2D0AA007B64BC /* FGError.swift */; };
		6880DDF723E31194007B64BC /* FollowerCell.swift in Sources */ = {isa = PBXBuildFile; fileRef = 6880DDF623E31194007B64BC /* FollowerCell.swift */; };
		6880DDF923E31261007B64BC /* FGAvatarImageView.swift in Sources */ = {isa = PBXBuildFile; fileRef = 6880DDF823E31261007B64BC /* FGAvatarImageView.swift */; };
		6894919723E5A176008E293B /* UserInfoController.swift in Sources */ = {isa = PBXBuildFile; fileRef = 6894919623E5A176008E293B /* UserInfoController.swift */; };
		6894919923E5C607008E293B /* FGUserInfoHeaderVC.swift in Sources */ = {isa = PBXBuildFile; fileRef = 6894919823E5C607008E293B /* FGUserInfoHeaderVC.swift */; };
		689491A223E5C73F008E293B /* FGSecondaryTitleLabel.swift in Sources */ = {isa = PBXBuildFile; fileRef = 689491A123E5C73F008E293B /* FGSecondaryTitleLabel.swift */; };
		689491A423E5CB44008E293B /* UIView+Ext.swift in Sources */ = {isa = PBXBuildFile; fileRef = 689491A323E5CB44008E293B /* UIView+Ext.swift */; };
		689491A623E5D49F008E293B /* Constants.swift in Sources */ = {isa = PBXBuildFile; fileRef = 689491A523E5D49F008E293B /* Constants.swift */; };
		689598B823EC577800FB4151 /* FGTabBarController.swift in Sources */ = {isa = PBXBuildFile; fileRef = 689598B723EC577800FB4151 /* FGTabBarController.swift */; };
		689598BA23EC6D6300FB4151 /* FGAlertContainerView.swift in Sources */ = {isa = PBXBuildFile; fileRef = 689598B923EC6D6300FB4151 /* FGAlertContainerView.swift */; };
		689D659E23E0CC6F007F32E1 /* FGTitleLabel.swift in Sources */ = {isa = PBXBuildFile; fileRef = 689D659D23E0CC6F007F32E1 /* FGTitleLabel.swift */; };
		689D65A023E0CF87007F32E1 /* FGBodyLabel.swift in Sources */ = {isa = PBXBuildFile; fileRef = 689D659F23E0CF87007F32E1 /* FGBodyLabel.swift */; };
		689D65A223E0D092007F32E1 /* FGAlertVC.swift in Sources */ = {isa = PBXBuildFile; fileRef = 689D65A123E0D092007F32E1 /* FGAlertVC.swift */; };
		689D65A423E0EF98007F32E1 /* UIViewController+Ext.swift in Sources */ = {isa = PBXBuildFile; fileRef = 689D65A323E0EF98007F32E1 /* UIViewController+Ext.swift */; };
		68B8B56E23E389F100FBA782 /* UIHelper.swift in Sources */ = {isa = PBXBuildFile; fileRef = 68B8B56D23E389F100FBA782 /* UIHelper.swift */; };
		68D0578623E4E8BB00C28FA4 /* FGEmptyView.swift in Sources */ = {isa = PBXBuildFile; fileRef = 68D0578523E4E8BB00C28FA4 /* FGEmptyView.swift */; };
		9E07576D2513EBDC007390FD /* Favorites.xcdatamodeld in Sources */ = {isa = PBXBuildFile; fileRef = 9E07576B2513EBDC007390FD /* Favorites.xcdatamodeld */; };
		9E0757732513F36D007390FD /* Favorite.swift in Sources */ = {isa = PBXBuildFile; fileRef = 9E0757722513F36D007390FD /* Favorite.swift */; };
		9E0757772513F401007390FD /* Favorite+CoreDataProperties.swift in Sources */ = {isa = PBXBuildFile; fileRef = 9E0757762513F401007390FD /* Favorite+CoreDataProperties.swift */; };
		9E56685A24DDF31500B64DE3 /* SearchViewModel.swift in Sources */ = {isa = PBXBuildFile; fileRef = 9E56685924DDF31500B64DE3 /* SearchViewModel.swift */; };
		9E598E802511286E002A936A /* GitHubServicesTests.swift in Sources */ = {isa = PBXBuildFile; fileRef = 9E598E7F2511286E002A936A /* GitHubServicesTests.swift */; };
		9E598E82251135D8002A936A /* XCTestCase+Ext.swift in Sources */ = {isa = PBXBuildFile; fileRef = 9E598E81251135D8002A936A /* XCTestCase+Ext.swift */; };
		9E8AF96B24DE96E700023536 /* SearchViewModelTests.swift in Sources */ = {isa = PBXBuildFile; fileRef = 9E8AF96A24DE96E700023536 /* SearchViewModelTests.swift */; };
		9E8AF97324DEA14E00023536 /* UserInfoViewModel.swift in Sources */ = {isa = PBXBuildFile; fileRef = 9E8AF97224DEA14E00023536 /* UserInfoViewModel.swift */; };
		9E8AF97524DEADC400023536 /* FollowerListViewModel.swift in Sources */ = {isa = PBXBuildFile; fileRef = 9E8AF97424DEADC400023536 /* FollowerListViewModel.swift */; };
		9E8AF97724DECAC900023536 /* FavoriteListViewModel.swift in Sources */ = {isa = PBXBuildFile; fileRef = 9E8AF97624DECAC900023536 /* FavoriteListViewModel.swift */; };
		9E8DE10E251CFBE700CFF46B /* GitHubFollowersUITests.swift in Sources */ = {isa = PBXBuildFile; fileRef = 9E8DE10D251CFBE700CFF46B /* GitHubFollowersUITests.swift */; };
		9EBE40D6250FFAEA00B3BF17 /* FollowerListViewModelTests.swift in Sources */ = {isa = PBXBuildFile; fileRef = 9EBE40D5250FFAEA00B3BF17 /* FollowerListViewModelTests.swift */; };
/* End PBXBuildFile section */

/* Begin PBXContainerItemProxy section */
		9E8AF96D24DE96E700023536 /* PBXContainerItemProxy */ = {
			isa = PBXContainerItemProxy;
			containerPortal = 682EDBDF23DE0DF300423ACC /* Project object */;
			proxyType = 1;
			remoteGlobalIDString = 682EDBE623DE0DF300423ACC;
			remoteInfo = GitHubFollowers;
		};
		9E8DE110251CFBE700CFF46B /* PBXContainerItemProxy */ = {
			isa = PBXContainerItemProxy;
			containerPortal = 682EDBDF23DE0DF300423ACC /* Project object */;
			proxyType = 1;
			remoteGlobalIDString = 682EDBE623DE0DF300423ACC;
			remoteInfo = GitHubFollowers;
		};
/* End PBXContainerItemProxy section */

/* Begin PBXFileReference section */
		68011B6C23E6016B006DA806 /* FGItemInfoView.swift */ = {isa = PBXFileReference; lastKnownFileType = sourcecode.swift; path = FGItemInfoView.swift; sourceTree = "<group>"; };
		68011B6E23E609E1006DA806 /* ItemInfoVC.swift */ = {isa = PBXFileReference; lastKnownFileType = sourcecode.swift; path = ItemInfoVC.swift; sourceTree = "<group>"; };
		68011B7023E61207006DA806 /* FGReposItemInfoVC.swift */ = {isa = PBXFileReference; lastKnownFileType = sourcecode.swift; path = FGReposItemInfoVC.swift; sourceTree = "<group>"; };
		68011B7223E615A9006DA806 /* FGFollowersItemInfoVC.swift */ = {isa = PBXFileReference; lastKnownFileType = sourcecode.swift; path = FGFollowersItemInfoVC.swift; sourceTree = "<group>"; };
		68011B7523E62EBF006DA806 /* Date+Ext.swift */ = {isa = PBXFileReference; lastKnownFileType = sourcecode.swift; path = "Date+Ext.swift"; sourceTree = "<group>"; };
		681C0A8923ECC9D600DA7631 /* UITableView+Ext.swift */ = {isa = PBXFileReference; lastKnownFileType = sourcecode.swift; path = "UITableView+Ext.swift"; sourceTree = "<group>"; };
		682EDBE723DE0DF300423ACC /* GitHubFollowers.app */ = {isa = PBXFileReference; explicitFileType = wrapper.application; includeInIndex = 0; path = GitHubFollowers.app; sourceTree = BUILT_PRODUCTS_DIR; };
		682EDBEA23DE0DF300423ACC /* AppDelegate.swift */ = {isa = PBXFileReference; lastKnownFileType = sourcecode.swift; path = AppDelegate.swift; sourceTree = "<group>"; };
		682EDBEC23DE0DF300423ACC /* SceneDelegate.swift */ = {isa = PBXFileReference; lastKnownFileType = sourcecode.swift; path = SceneDelegate.swift; sourceTree = "<group>"; };
		682EDBF323DE0DF400423ACC /* Assets.xcassets */ = {isa = PBXFileReference; lastKnownFileType = folder.assetcatalog; path = Assets.xcassets; sourceTree = "<group>"; };
		682EDBF623DE0DF400423ACC /* Base */ = {isa = PBXFileReference; lastKnownFileType = file.storyboard; name = Base; path = Base.lproj/LaunchScreen.storyboard; sourceTree = "<group>"; };
		682EDBF823DE0DF400423ACC /* Info.plist */ = {isa = PBXFileReference; lastKnownFileType = text.plist.xml; path = Info.plist; sourceTree = "<group>"; };
		683054D523EB4FDC009F1FA2 /* PersistenceService.swift */ = {isa = PBXFileReference; lastKnownFileType = sourcecode.swift; path = PersistenceService.swift; sourceTree = "<group>"; };
		683054D723EB6FC6009F1FA2 /* FavoriteCell.swift */ = {isa = PBXFileReference; lastKnownFileType = sourcecode.swift; path = FavoriteCell.swift; sourceTree = "<group>"; };
		68336CB723DF185300D69E64 /* SearchController.swift */ = {isa = PBXFileReference; lastKnownFileType = sourcecode.swift; path = SearchController.swift; sourceTree = "<group>"; };
		68336CB923DF188F00D69E64 /* FavoriteListController.swift */ = {isa = PBXFileReference; lastKnownFileType = sourcecode.swift; path = FavoriteListController.swift; sourceTree = "<group>"; };
		6851923723DF69C50015B2FA /* FGButton.swift */ = {isa = PBXFileReference; lastKnownFileType = sourcecode.swift; path = FGButton.swift; sourceTree = "<group>"; };
		6851923B23DF80E90015B2FA /* FollowerListController.swift */ = {isa = PBXFileReference; lastKnownFileType = sourcecode.swift; path = FollowerListController.swift; sourceTree = "<group>"; };
		68578CC823F156450076AE08 /* UITextField+Ext.swift */ = {isa = PBXFileReference; lastKnownFileType = sourcecode.swift; path = "UITextField+Ext.swift"; sourceTree = "<group>"; };
		68678C1523E2301A009EEA10 /* Follower.swift */ = {isa = PBXFileReference; lastKnownFileType = sourcecode.swift; path = Follower.swift; sourceTree = "<group>"; };
		68678C1723E23073009EEA10 /* User.swift */ = {isa = PBXFileReference; lastKnownFileType = sourcecode.swift; path = User.swift; sourceTree = "<group>"; };
		68678C1A23E237FD009EEA10 /* GitHubService.swift */ = {isa = PBXFileReference; lastKnownFileType = sourcecode.swift; path = GitHubService.swift; sourceTree = "<group>"; };
		6880DDF423E2D0AA007B64BC /* FGError.swift */ = {isa = PBXFileReference; lastKnownFileType = sourcecode.swift; path = FGError.swift; sourceTree = "<group>"; };
		6880DDF623E31194007B64BC /* FollowerCell.swift */ = {isa = PBXFileReference; lastKnownFileType = sourcecode.swift; path = FollowerCell.swift; sourceTree = "<group>"; };
		6880DDF823E31261007B64BC /* FGAvatarImageView.swift */ = {isa = PBXFileReference; lastKnownFileType = sourcecode.swift; path = FGAvatarImageView.swift; sourceTree = "<group>"; };
		6894919623E5A176008E293B /* UserInfoController.swift */ = {isa = PBXFileReference; lastKnownFileType = sourcecode.swift; path = UserInfoController.swift; sourceTree = "<group>"; };
		6894919823E5C607008E293B /* FGUserInfoHeaderVC.swift */ = {isa = PBXFileReference; lastKnownFileType = sourcecode.swift; path = FGUserInfoHeaderVC.swift; sourceTree = "<group>"; };
		689491A123E5C73F008E293B /* FGSecondaryTitleLabel.swift */ = {isa = PBXFileReference; lastKnownFileType = sourcecode.swift; path = FGSecondaryTitleLabel.swift; sourceTree = "<group>"; };
		689491A323E5CB44008E293B /* UIView+Ext.swift */ = {isa = PBXFileReference; lastKnownFileType = sourcecode.swift; path = "UIView+Ext.swift"; sourceTree = "<group>"; };
		689491A523E5D49F008E293B /* Constants.swift */ = {isa = PBXFileReference; lastKnownFileType = sourcecode.swift; path = Constants.swift; sourceTree = "<group>"; };
		689598B723EC577800FB4151 /* FGTabBarController.swift */ = {isa = PBXFileReference; lastKnownFileType = sourcecode.swift; path = FGTabBarController.swift; sourceTree = "<group>"; };
		689598B923EC6D6300FB4151 /* FGAlertContainerView.swift */ = {isa = PBXFileReference; lastKnownFileType = sourcecode.swift; path = FGAlertContainerView.swift; sourceTree = "<group>"; };
		689D659D23E0CC6F007F32E1 /* FGTitleLabel.swift */ = {isa = PBXFileReference; lastKnownFileType = sourcecode.swift; path = FGTitleLabel.swift; sourceTree = "<group>"; };
		689D659F23E0CF87007F32E1 /* FGBodyLabel.swift */ = {isa = PBXFileReference; lastKnownFileType = sourcecode.swift; path = FGBodyLabel.swift; sourceTree = "<group>"; };
		689D65A123E0D092007F32E1 /* FGAlertVC.swift */ = {isa = PBXFileReference; lastKnownFileType = sourcecode.swift; path = FGAlertVC.swift; sourceTree = "<group>"; };
		689D65A323E0EF98007F32E1 /* UIViewController+Ext.swift */ = {isa = PBXFileReference; lastKnownFileType = sourcecode.swift; path = "UIViewController+Ext.swift"; sourceTree = "<group>"; };
		68B8B56D23E389F100FBA782 /* UIHelper.swift */ = {isa = PBXFileReference; lastKnownFileType = sourcecode.swift; path = UIHelper.swift; sourceTree = "<group>"; };
		68D0578523E4E8BB00C28FA4 /* FGEmptyView.swift */ = {isa = PBXFileReference; lastKnownFileType = sourcecode.swift; path = FGEmptyView.swift; sourceTree = "<group>"; };
		9E07576C2513EBDC007390FD /* Favorites.xcdatamodel */ = {isa = PBXFileReference; lastKnownFileType = wrapper.xcdatamodel; path = Favorites.xcdatamodel; sourceTree = "<group>"; };
		9E0757722513F36D007390FD /* Favorite.swift */ = {isa = PBXFileReference; lastKnownFileType = sourcecode.swift; path = Favorite.swift; sourceTree = "<group>"; };
		9E0757762513F401007390FD /* Favorite+CoreDataProperties.swift */ = {isa = PBXFileReference; lastKnownFileType = sourcecode.swift; path = "Favorite+CoreDataProperties.swift"; sourceTree = "<group>"; };
		9E50403E251BE5610067FB03 /* GitHubFollowers.entitlements */ = {isa = PBXFileReference; lastKnownFileType = text.plist.entitlements; path = GitHubFollowers.entitlements; sourceTree = "<group>"; };
		9E56685924DDF31500B64DE3 /* SearchViewModel.swift */ = {isa = PBXFileReference; lastKnownFileType = sourcecode.swift; path = SearchViewModel.swift; sourceTree = "<group>"; };
		9E598E7F2511286E002A936A /* GitHubServicesTests.swift */ = {isa = PBXFileReference; lastKnownFileType = sourcecode.swift; path = GitHubServicesTests.swift; sourceTree = "<group>"; };
		9E598E81251135D8002A936A /* XCTestCase+Ext.swift */ = {isa = PBXFileReference; lastKnownFileType = sourcecode.swift; path = "XCTestCase+Ext.swift"; sourceTree = "<group>"; };
		9E8AF96824DE96E700023536 /* GitHubFollowersTests.xctest */ = {isa = PBXFileReference; explicitFileType = wrapper.cfbundle; includeInIndex = 0; path = GitHubFollowersTests.xctest; sourceTree = BUILT_PRODUCTS_DIR; };
		9E8AF96A24DE96E700023536 /* SearchViewModelTests.swift */ = {isa = PBXFileReference; lastKnownFileType = sourcecode.swift; path = SearchViewModelTests.swift; sourceTree = "<group>"; };
		9E8AF96C24DE96E700023536 /* Info.plist */ = {isa = PBXFileReference; lastKnownFileType = text.plist.xml; path = Info.plist; sourceTree = "<group>"; };
		9E8AF97224DEA14E00023536 /* UserInfoViewModel.swift */ = {isa = PBXFileReference; lastKnownFileType = sourcecode.swift; path = UserInfoViewModel.swift; sourceTree = "<group>"; };
		9E8AF97424DEADC400023536 /* FollowerListViewModel.swift */ = {isa = PBXFileReference; lastKnownFileType = sourcecode.swift; path = FollowerListViewModel.swift; sourceTree = "<group>"; };
		9E8AF97624DECAC900023536 /* FavoriteListViewModel.swift */ = {isa = PBXFileReference; lastKnownFileType = sourcecode.swift; path = FavoriteListViewModel.swift; sourceTree = "<group>"; };
		9E8DE10B251CFBE700CFF46B /* GitHubFollowersUITests.xctest */ = {isa = PBXFileReference; explicitFileType = wrapper.cfbundle; includeInIndex = 0; path = GitHubFollowersUITests.xctest; sourceTree = BUILT_PRODUCTS_DIR; };
		9E8DE10D251CFBE700CFF46B /* GitHubFollowersUITests.swift */ = {isa = PBXFileReference; lastKnownFileType = sourcecode.swift; path = GitHubFollowersUITests.swift; sourceTree = "<group>"; };
		9E8DE10F251CFBE700CFF46B /* Info.plist */ = {isa = PBXFileReference; lastKnownFileType = text.plist.xml; path = Info.plist; sourceTree = "<group>"; };
		9EBE40D5250FFAEA00B3BF17 /* FollowerListViewModelTests.swift */ = {isa = PBXFileReference; lastKnownFileType = sourcecode.swift; path = FollowerListViewModelTests.swift; sourceTree = "<group>"; };
/* End PBXFileReference section */

/* Begin PBXFrameworksBuildPhase section */
		682EDBE423DE0DF300423ACC /* Frameworks */ = {
			isa = PBXFrameworksBuildPhase;
			buildActionMask = 2147483647;
			files = (
			);
			runOnlyForDeploymentPostprocessing = 0;
		};
		9E8AF96524DE96E700023536 /* Frameworks */ = {
			isa = PBXFrameworksBuildPhase;
			buildActionMask = 2147483647;
			files = (
			);
			runOnlyForDeploymentPostprocessing = 0;
		};
		9E8DE108251CFBE700CFF46B /* Frameworks */ = {
			isa = PBXFrameworksBuildPhase;
			buildActionMask = 2147483647;
			files = (
			);
			runOnlyForDeploymentPostprocessing = 0;
		};
/* End PBXFrameworksBuildPhase section */

/* Begin PBXGroup section */
		68011B7423E61651006DA806 /* ItemInfoVC */ = {
			isa = PBXGroup;
			children = (
				68011B6E23E609E1006DA806 /* ItemInfoVC.swift */,
				68011B7023E61207006DA806 /* FGReposItemInfoVC.swift */,
				68011B7223E615A9006DA806 /* FGFollowersItemInfoVC.swift */,
			);
			path = ItemInfoVC;
			sourceTree = "<group>";
		};
		682EDBDE23DE0DF300423ACC = {
			isa = PBXGroup;
			children = (
				682EDBE923DE0DF300423ACC /* GitHubFollowers */,
				9E8AF96924DE96E700023536 /* GitHubFollowersTests */,
				9E8DE10C251CFBE700CFF46B /* GitHubFollowersUITests */,
				682EDBE823DE0DF300423ACC /* Products */,
			);
			sourceTree = "<group>";
		};
		682EDBE823DE0DF300423ACC /* Products */ = {
			isa = PBXGroup;
			children = (
				682EDBE723DE0DF300423ACC /* GitHubFollowers.app */,
				9E8AF96824DE96E700023536 /* GitHubFollowersTests.xctest */,
				9E8DE10B251CFBE700CFF46B /* GitHubFollowersUITests.xctest */,
			);
			name = Products;
			sourceTree = "<group>";
		};
		682EDBE923DE0DF300423ACC /* GitHubFollowers */ = {
			isa = PBXGroup;
			children = (
				9E50403E251BE5610067FB03 /* GitHubFollowers.entitlements */,
				6880DDF323E2D08E007B64BC /* Helpers */,
				68678C1923E237E2009EEA10 /* Services */,
				68678C1423E22FCC009EEA10 /* Models */,
				68678C1123E22B4B009EEA10 /* Views */,
				68678C0F23E22AD6009EEA10 /* Controllers */,
				9E56685824DDF2E400B64DE3 /* ViewModels */,
				68678C0E23E22A7F009EEA10 /* Extensions */,
				682EDBF323DE0DF400423ACC /* Assets.xcassets */,
				682EDBEA23DE0DF300423ACC /* AppDelegate.swift */,
				682EDBEC23DE0DF300423ACC /* SceneDelegate.swift */,
				682EDBF523DE0DF400423ACC /* LaunchScreen.storyboard */,
				682EDBF823DE0DF400423ACC /* Info.plist */,
			);
			path = GitHubFollowers;
			sourceTree = "<group>";
		};
		68678C0E23E22A7F009EEA10 /* Extensions */ = {
			isa = PBXGroup;
			children = (
				689D65A323E0EF98007F32E1 /* UIViewController+Ext.swift */,
				689491A323E5CB44008E293B /* UIView+Ext.swift */,
				68011B7523E62EBF006DA806 /* Date+Ext.swift */,
				681C0A8923ECC9D600DA7631 /* UITableView+Ext.swift */,
				68578CC823F156450076AE08 /* UITextField+Ext.swift */,
			);
			path = Extensions;
			sourceTree = "<group>";
		};
		68678C0F23E22AD6009EEA10 /* Controllers */ = {
			isa = PBXGroup;
			children = (
				68336CB723DF185300D69E64 /* SearchController.swift */,
				68336CB923DF188F00D69E64 /* FavoriteListController.swift */,
				6851923B23DF80E90015B2FA /* FollowerListController.swift */,
				6894919623E5A176008E293B /* UserInfoController.swift */,
			);
			path = Controllers;
			sourceTree = "<group>";
		};
		68678C1123E22B4B009EEA10 /* Views */ = {
			isa = PBXGroup;
			children = (
				6894919F23E5C6DA008E293B /* ImageViews */,
				6894919E23E5C6C2008E293B /* Views */,
				6894919D23E5C6B3008E293B /* Cells */,
				6894919C23E5C69E008E293B /* Buttons */,
				6894919B23E5C689008E293B /* ViewControllers */,
				6894919A23E5C671008E293B /* Labels */,
			);
			path = Views;
			sourceTree = "<group>";
		};
		68678C1423E22FCC009EEA10 /* Models */ = {
			isa = PBXGroup;
			children = (
				9E07576B2513EBDC007390FD /* Favorites.xcdatamodeld */,
				68678C1523E2301A009EEA10 /* Follower.swift */,
				68678C1723E23073009EEA10 /* User.swift */,
				9E0757722513F36D007390FD /* Favorite.swift */,
				9E0757762513F401007390FD /* Favorite+CoreDataProperties.swift */,
			);
			path = Models;
			sourceTree = "<group>";
		};
		68678C1923E237E2009EEA10 /* Services */ = {
			isa = PBXGroup;
			children = (
				68678C1A23E237FD009EEA10 /* GitHubService.swift */,
				683054D523EB4FDC009F1FA2 /* PersistenceService.swift */,
			);
			path = Services;
			sourceTree = "<group>";
		};
		6880DDF323E2D08E007B64BC /* Helpers */ = {
			isa = PBXGroup;
			children = (
				6880DDF423E2D0AA007B64BC /* FGError.swift */,
				68B8B56D23E389F100FBA782 /* UIHelper.swift */,
				689491A523E5D49F008E293B /* Constants.swift */,
			);
			path = Helpers;
			sourceTree = "<group>";
		};
		6894919A23E5C671008E293B /* Labels */ = {
			isa = PBXGroup;
			children = (
				689D659F23E0CF87007F32E1 /* FGBodyLabel.swift */,
				689D659D23E0CC6F007F32E1 /* FGTitleLabel.swift */,
				689491A123E5C73F008E293B /* FGSecondaryTitleLabel.swift */,
			);
			path = Labels;
			sourceTree = "<group>";
		};
		6894919B23E5C689008E293B /* ViewControllers */ = {
			isa = PBXGroup;
			children = (
				689598B623EC54F900FB4151 /* TabBar */,
				68011B7423E61651006DA806 /* ItemInfoVC */,
				689D65A123E0D092007F32E1 /* FGAlertVC.swift */,
				6894919823E5C607008E293B /* FGUserInfoHeaderVC.swift */,
			);
			path = ViewControllers;
			sourceTree = "<group>";
		};
		6894919C23E5C69E008E293B /* Buttons */ = {
			isa = PBXGroup;
			children = (
				6851923723DF69C50015B2FA /* FGButton.swift */,
			);
			path = Buttons;
			sourceTree = "<group>";
		};
		6894919D23E5C6B3008E293B /* Cells */ = {
			isa = PBXGroup;
			children = (
				6880DDF623E31194007B64BC /* FollowerCell.swift */,
				683054D723EB6FC6009F1FA2 /* FavoriteCell.swift */,
			);
			path = Cells;
			sourceTree = "<group>";
		};
		6894919E23E5C6C2008E293B /* Views */ = {
			isa = PBXGroup;
			children = (
				68D0578523E4E8BB00C28FA4 /* FGEmptyView.swift */,
				68011B6C23E6016B006DA806 /* FGItemInfoView.swift */,
				689598B923EC6D6300FB4151 /* FGAlertContainerView.swift */,
			);
			path = Views;
			sourceTree = "<group>";
		};
		6894919F23E5C6DA008E293B /* ImageViews */ = {
			isa = PBXGroup;
			children = (
				6880DDF823E31261007B64BC /* FGAvatarImageView.swift */,
			);
			path = ImageViews;
			sourceTree = "<group>";
		};
		689598B623EC54F900FB4151 /* TabBar */ = {
			isa = PBXGroup;
			children = (
				689598B723EC577800FB4151 /* FGTabBarController.swift */,
			);
			path = TabBar;
			sourceTree = "<group>";
		};
		9E56685824DDF2E400B64DE3 /* ViewModels */ = {
			isa = PBXGroup;
			children = (
				9E56685924DDF31500B64DE3 /* SearchViewModel.swift */,
				9E8AF97224DEA14E00023536 /* UserInfoViewModel.swift */,
				9E8AF97424DEADC400023536 /* FollowerListViewModel.swift */,
				9E8AF97624DECAC900023536 /* FavoriteListViewModel.swift */,
			);
			path = ViewModels;
			sourceTree = "<group>";
		};
		9E598E7E25112855002A936A /* Services */ = {
			isa = PBXGroup;
			children = (
				9E598E7F2511286E002A936A /* GitHubServicesTests.swift */,
			);
			path = Services;
			sourceTree = "<group>";
		};
		9E8AF96924DE96E700023536 /* GitHubFollowersTests */ = {
			isa = PBXGroup;
			children = (
				9E598E7E25112855002A936A /* Services */,
				9EBE40D4250FFA8000B3BF17 /* ViewModels */,
				9E8AF96C24DE96E700023536 /* Info.plist */,
				9E598E81251135D8002A936A /* XCTestCase+Ext.swift */,
			);
			path = GitHubFollowersTests;
			sourceTree = "<group>";
		};
		9E8DE10C251CFBE700CFF46B /* GitHubFollowersUITests */ = {
			isa = PBXGroup;
			children = (
				9E8DE10D251CFBE700CFF46B /* GitHubFollowersUITests.swift */,
				9E8DE10F251CFBE700CFF46B /* Info.plist */,
			);
			path = GitHubFollowersUITests;
			sourceTree = "<group>";
		};
		9EBE40D4250FFA8000B3BF17 /* ViewModels */ = {
			isa = PBXGroup;
			children = (
				9E8AF96A24DE96E700023536 /* SearchViewModelTests.swift */,
				9EBE40D5250FFAEA00B3BF17 /* FollowerListViewModelTests.swift */,
			);
			path = ViewModels;
			sourceTree = "<group>";
		};
/* End PBXGroup section */

/* Begin PBXNativeTarget section */
		682EDBE623DE0DF300423ACC /* GitHubFollowers */ = {
			isa = PBXNativeTarget;
			buildConfigurationList = 682EDBFB23DE0DF400423ACC /* Build configuration list for PBXNativeTarget "GitHubFollowers" */;
			buildPhases = (
				682EDBE323DE0DF300423ACC /* Sources */,
				682EDBE423DE0DF300423ACC /* Frameworks */,
				682EDBE523DE0DF300423ACC /* Resources */,
			);
			buildRules = (
			);
			dependencies = (
			);
			name = GitHubFollowers;
			productName = GitHubFollowers;
			productReference = 682EDBE723DE0DF300423ACC /* GitHubFollowers.app */;
			productType = "com.apple.product-type.application";
		};
		9E8AF96724DE96E700023536 /* GitHubFollowersTests */ = {
			isa = PBXNativeTarget;
			buildConfigurationList = 9E8AF97124DE96E700023536 /* Build configuration list for PBXNativeTarget "GitHubFollowersTests" */;
			buildPhases = (
				9E8AF96424DE96E700023536 /* Sources */,
				9E8AF96524DE96E700023536 /* Frameworks */,
				9E8AF96624DE96E700023536 /* Resources */,
			);
			buildRules = (
			);
			dependencies = (
				9E8AF96E24DE96E700023536 /* PBXTargetDependency */,
			);
			name = GitHubFollowersTests;
			productName = GitHubFollowersTests;
			productReference = 9E8AF96824DE96E700023536 /* GitHubFollowersTests.xctest */;
			productType = "com.apple.product-type.bundle.unit-test";
		};
		9E8DE10A251CFBE700CFF46B /* GitHubFollowersUITests */ = {
			isa = PBXNativeTarget;
			buildConfigurationList = 9E8DE114251CFBE700CFF46B /* Build configuration list for PBXNativeTarget "GitHubFollowersUITests" */;
			buildPhases = (
				9E8DE107251CFBE700CFF46B /* Sources */,
				9E8DE108251CFBE700CFF46B /* Frameworks */,
				9E8DE109251CFBE700CFF46B /* Resources */,
			);
			buildRules = (
			);
			dependencies = (
				9E8DE111251CFBE700CFF46B /* PBXTargetDependency */,
			);
			name = GitHubFollowersUITests;
			productName = GitHubFollowersUITests;
			productReference = 9E8DE10B251CFBE700CFF46B /* GitHubFollowersUITests.xctest */;
			productType = "com.apple.product-type.bundle.ui-testing";
		};
/* End PBXNativeTarget section */

/* Begin PBXProject section */
		682EDBDF23DE0DF300423ACC /* Project object */ = {
			isa = PBXProject;
			attributes = {
				LastSwiftUpdateCheck = 1200;
				LastUpgradeCheck = 1200;
				ORGANIZATIONNAME = "Edgar Gonzalez Pena";
				TargetAttributes = {
					682EDBE623DE0DF300423ACC = {
						CreatedOnToolsVersion = 11.3.1;
					};
					9E8AF96724DE96E700023536 = {
						CreatedOnToolsVersion = 11.6;
						TestTargetID = 682EDBE623DE0DF300423ACC;
					};
					9E8DE10A251CFBE700CFF46B = {
						CreatedOnToolsVersion = 12.0;
						TestTargetID = 682EDBE623DE0DF300423ACC;
					};
				};
			};
			buildConfigurationList = 682EDBE223DE0DF300423ACC /* Build configuration list for PBXProject "GitHubFollowers" */;
			compatibilityVersion = "Xcode 9.3";
			developmentRegion = en;
			hasScannedForEncodings = 0;
			knownRegions = (
				en,
				Base,
			);
			mainGroup = 682EDBDE23DE0DF300423ACC;
			productRefGroup = 682EDBE823DE0DF300423ACC /* Products */;
			projectDirPath = "";
			projectRoot = "";
			targets = (
				682EDBE623DE0DF300423ACC /* GitHubFollowers */,
				9E8AF96724DE96E700023536 /* GitHubFollowersTests */,
				9E8DE10A251CFBE700CFF46B /* GitHubFollowersUITests */,
			);
		};
/* End PBXProject section */

/* Begin PBXResourcesBuildPhase section */
		682EDBE523DE0DF300423ACC /* Resources */ = {
			isa = PBXResourcesBuildPhase;
			buildActionMask = 2147483647;
			files = (
				682EDBF723DE0DF400423ACC /* LaunchScreen.storyboard in Resources */,
				682EDBF423DE0DF400423ACC /* Assets.xcassets in Resources */,
			);
			runOnlyForDeploymentPostprocessing = 0;
		};
		9E8AF96624DE96E700023536 /* Resources */ = {
			isa = PBXResourcesBuildPhase;
			buildActionMask = 2147483647;
			files = (
			);
			runOnlyForDeploymentPostprocessing = 0;
		};
		9E8DE109251CFBE700CFF46B /* Resources */ = {
			isa = PBXResourcesBuildPhase;
			buildActionMask = 2147483647;
			files = (
			);
			runOnlyForDeploymentPostprocessing = 0;
		};
/* End PBXResourcesBuildPhase section */

/* Begin PBXSourcesBuildPhase section */
		682EDBE323DE0DF300423ACC /* Sources */ = {
			isa = PBXSourcesBuildPhase;
			buildActionMask = 2147483647;
			files = (
				68678C1823E23073009EEA10 /* User.swift in Sources */,
				9E56685A24DDF31500B64DE3 /* SearchViewModel.swift in Sources */,
				68336CBA23DF188F00D69E64 /* FavoriteListController.swift in Sources */,
				689598BA23EC6D6300FB4151 /* FGAlertContainerView.swift in Sources */,
				6851923823DF69C50015B2FA /* FGButton.swift in Sources */,
				68011B6D23E6016B006DA806 /* FGItemInfoView.swift in Sources */,
				6894919923E5C607008E293B /* FGUserInfoHeaderVC.swift in Sources */,
				689D65A423E0EF98007F32E1 /* UIViewController+Ext.swift in Sources */,
				68011B7123E61207006DA806 /* FGReposItemInfoVC.swift in Sources */,
				68B8B56E23E389F100FBA782 /* UIHelper.swift in Sources */,
				9E8AF97724DECAC900023536 /* FavoriteListViewModel.swift in Sources */,
				689491A423E5CB44008E293B /* UIView+Ext.swift in Sources */,
				681C0A8A23ECC9D600DA7631 /* UITableView+Ext.swift in Sources */,
				68011B6F23E609E1006DA806 /* ItemInfoVC.swift in Sources */,
				689D65A223E0D092007F32E1 /* FGAlertVC.swift in Sources */,
				683054D623EB4FDC009F1FA2 /* PersistenceService.swift in Sources */,
				683054D823EB6FC6009F1FA2 /* FavoriteCell.swift in Sources */,
				6851923C23DF80E90015B2FA /* FollowerListController.swift in Sources */,
				689491A223E5C73F008E293B /* FGSecondaryTitleLabel.swift in Sources */,
				6880DDF723E31194007B64BC /* FollowerCell.swift in Sources */,
				689D659E23E0CC6F007F32E1 /* FGTitleLabel.swift in Sources */,
				9E07576D2513EBDC007390FD /* Favorites.xcdatamodeld in Sources */,
				6880DDF523E2D0AA007B64BC /* FGError.swift in Sources */,
				68678C1623E2301A009EEA10 /* Follower.swift in Sources */,
				6894919723E5A176008E293B /* UserInfoController.swift in Sources */,
				9E0757732513F36D007390FD /* Favorite.swift in Sources */,
				6880DDF923E31261007B64BC /* FGAvatarImageView.swift in Sources */,
				9E8AF97524DEADC400023536 /* FollowerListViewModel.swift in Sources */,
				68D0578623E4E8BB00C28FA4 /* FGEmptyView.swift in Sources */,
				68336CB823DF185300D69E64 /* SearchController.swift in Sources */,
				689598B823EC577800FB4151 /* FGTabBarController.swift in Sources */,
				68678C1B23E237FD009EEA10 /* GitHubService.swift in Sources */,
				68011B7623E62EBF006DA806 /* Date+Ext.swift in Sources */,
				9E8AF97324DEA14E00023536 /* UserInfoViewModel.swift in Sources */,
				689D65A023E0CF87007F32E1 /* FGBodyLabel.swift in Sources */,
				68011B7323E615A9006DA806 /* FGFollowersItemInfoVC.swift in Sources */,
				68578CC923F156450076AE08 /* UITextField+Ext.swift in Sources */,
				682EDBEB23DE0DF300423ACC /* AppDelegate.swift in Sources */,
				682EDBED23DE0DF300423ACC /* SceneDelegate.swift in Sources */,
				689491A623E5D49F008E293B /* Constants.swift in Sources */,
				9E0757772513F401007390FD /* Favorite+CoreDataProperties.swift in Sources */,
			);
			runOnlyForDeploymentPostprocessing = 0;
		};
		9E8AF96424DE96E700023536 /* Sources */ = {
			isa = PBXSourcesBuildPhase;
			buildActionMask = 2147483647;
			files = (
				9EBE40D6250FFAEA00B3BF17 /* FollowerListViewModelTests.swift in Sources */,
				9E8AF96B24DE96E700023536 /* SearchViewModelTests.swift in Sources */,
				9E598E82251135D8002A936A /* XCTestCase+Ext.swift in Sources */,
				9E598E802511286E002A936A /* GitHubServicesTests.swift in Sources */,
			);
			runOnlyForDeploymentPostprocessing = 0;
		};
		9E8DE107251CFBE700CFF46B /* Sources */ = {
			isa = PBXSourcesBuildPhase;
			buildActionMask = 2147483647;
			files = (
				9E8DE10E251CFBE700CFF46B /* GitHubFollowersUITests.swift in Sources */,
			);
			runOnlyForDeploymentPostprocessing = 0;
		};
/* End PBXSourcesBuildPhase section */

/* Begin PBXTargetDependency section */
		9E8AF96E24DE96E700023536 /* PBXTargetDependency */ = {
			isa = PBXTargetDependency;
			target = 682EDBE623DE0DF300423ACC /* GitHubFollowers */;
			targetProxy = 9E8AF96D24DE96E700023536 /* PBXContainerItemProxy */;
		};
		9E8DE111251CFBE700CFF46B /* PBXTargetDependency */ = {
			isa = PBXTargetDependency;
			target = 682EDBE623DE0DF300423ACC /* GitHubFollowers */;
			targetProxy = 9E8DE110251CFBE700CFF46B /* PBXContainerItemProxy */;
		};
/* End PBXTargetDependency section */

/* Begin PBXVariantGroup section */
		682EDBF523DE0DF400423ACC /* LaunchScreen.storyboard */ = {
			isa = PBXVariantGroup;
			children = (
				682EDBF623DE0DF400423ACC /* Base */,
			);
			name = LaunchScreen.storyboard;
			sourceTree = "<group>";
		};
/* End PBXVariantGroup section */

/* Begin XCBuildConfiguration section */
		682EDBF923DE0DF400423ACC /* Debug */ = {
			isa = XCBuildConfiguration;
			buildSettings = {
				ALWAYS_SEARCH_USER_PATHS = NO;
				CLANG_ANALYZER_NONNULL = YES;
				CLANG_ANALYZER_NUMBER_OBJECT_CONVERSION = YES_AGGRESSIVE;
				CLANG_CXX_LANGUAGE_STANDARD = "gnu++14";
				CLANG_CXX_LIBRARY = "libc++";
				CLANG_ENABLE_MODULES = YES;
				CLANG_ENABLE_OBJC_ARC = YES;
				CLANG_ENABLE_OBJC_WEAK = YES;
				CLANG_WARN_BLOCK_CAPTURE_AUTORELEASING = YES;
				CLANG_WARN_BOOL_CONVERSION = YES;
				CLANG_WARN_COMMA = YES;
				CLANG_WARN_CONSTANT_CONVERSION = YES;
				CLANG_WARN_DEPRECATED_OBJC_IMPLEMENTATIONS = YES;
				CLANG_WARN_DIRECT_OBJC_ISA_USAGE = YES_ERROR;
				CLANG_WARN_DOCUMENTATION_COMMENTS = YES;
				CLANG_WARN_EMPTY_BODY = YES;
				CLANG_WARN_ENUM_CONVERSION = YES;
				CLANG_WARN_INFINITE_RECURSION = YES;
				CLANG_WARN_INT_CONVERSION = YES;
				CLANG_WARN_NON_LITERAL_NULL_CONVERSION = YES;
				CLANG_WARN_OBJC_IMPLICIT_RETAIN_SELF = YES;
				CLANG_WARN_OBJC_LITERAL_CONVERSION = YES;
				CLANG_WARN_OBJC_ROOT_CLASS = YES_ERROR;
				CLANG_WARN_QUOTED_INCLUDE_IN_FRAMEWORK_HEADER = YES;
				CLANG_WARN_RANGE_LOOP_ANALYSIS = YES;
				CLANG_WARN_STRICT_PROTOTYPES = YES;
				CLANG_WARN_SUSPICIOUS_MOVE = YES;
				CLANG_WARN_UNGUARDED_AVAILABILITY = YES_AGGRESSIVE;
				CLANG_WARN_UNREACHABLE_CODE = YES;
				CLANG_WARN__DUPLICATE_METHOD_MATCH = YES;
				COPY_PHASE_STRIP = NO;
				DEBUG_INFORMATION_FORMAT = dwarf;
				ENABLE_STRICT_OBJC_MSGSEND = YES;
				ENABLE_TESTABILITY = YES;
				GCC_C_LANGUAGE_STANDARD = gnu11;
				GCC_DYNAMIC_NO_PIC = NO;
				GCC_NO_COMMON_BLOCKS = YES;
				GCC_OPTIMIZATION_LEVEL = 0;
				GCC_PREPROCESSOR_DEFINITIONS = (
					"DEBUG=1",
					"$(inherited)",
				);
				GCC_WARN_64_TO_32_BIT_CONVERSION = YES;
				GCC_WARN_ABOUT_RETURN_TYPE = YES_ERROR;
				GCC_WARN_UNDECLARED_SELECTOR = YES;
				GCC_WARN_UNINITIALIZED_AUTOS = YES_AGGRESSIVE;
				GCC_WARN_UNUSED_FUNCTION = YES;
				GCC_WARN_UNUSED_VARIABLE = YES;
				IPHONEOS_DEPLOYMENT_TARGET = 13.2;
				MTL_ENABLE_DEBUG_INFO = INCLUDE_SOURCE;
				MTL_FAST_MATH = YES;
				ONLY_ACTIVE_ARCH = YES;
				SDKROOT = iphoneos;
				SWIFT_ACTIVE_COMPILATION_CONDITIONS = DEBUG;
				SWIFT_OPTIMIZATION_LEVEL = "-Onone";
			};
			name = Debug;
		};
		682EDBFA23DE0DF400423ACC /* Release */ = {
			isa = XCBuildConfiguration;
			buildSettings = {
				ALWAYS_SEARCH_USER_PATHS = NO;
				CLANG_ANALYZER_NONNULL = YES;
				CLANG_ANALYZER_NUMBER_OBJECT_CONVERSION = YES_AGGRESSIVE;
				CLANG_CXX_LANGUAGE_STANDARD = "gnu++14";
				CLANG_CXX_LIBRARY = "libc++";
				CLANG_ENABLE_MODULES = YES;
				CLANG_ENABLE_OBJC_ARC = YES;
				CLANG_ENABLE_OBJC_WEAK = YES;
				CLANG_WARN_BLOCK_CAPTURE_AUTORELEASING = YES;
				CLANG_WARN_BOOL_CONVERSION = YES;
				CLANG_WARN_COMMA = YES;
				CLANG_WARN_CONSTANT_CONVERSION = YES;
				CLANG_WARN_DEPRECATED_OBJC_IMPLEMENTATIONS = YES;
				CLANG_WARN_DIRECT_OBJC_ISA_USAGE = YES_ERROR;
				CLANG_WARN_DOCUMENTATION_COMMENTS = YES;
				CLANG_WARN_EMPTY_BODY = YES;
				CLANG_WARN_ENUM_CONVERSION = YES;
				CLANG_WARN_INFINITE_RECURSION = YES;
				CLANG_WARN_INT_CONVERSION = YES;
				CLANG_WARN_NON_LITERAL_NULL_CONVERSION = YES;
				CLANG_WARN_OBJC_IMPLICIT_RETAIN_SELF = YES;
				CLANG_WARN_OBJC_LITERAL_CONVERSION = YES;
				CLANG_WARN_OBJC_ROOT_CLASS = YES_ERROR;
				CLANG_WARN_QUOTED_INCLUDE_IN_FRAMEWORK_HEADER = YES;
				CLANG_WARN_RANGE_LOOP_ANALYSIS = YES;
				CLANG_WARN_STRICT_PROTOTYPES = YES;
				CLANG_WARN_SUSPICIOUS_MOVE = YES;
				CLANG_WARN_UNGUARDED_AVAILABILITY = YES_AGGRESSIVE;
				CLANG_WARN_UNREACHABLE_CODE = YES;
				CLANG_WARN__DUPLICATE_METHOD_MATCH = YES;
				COPY_PHASE_STRIP = NO;
				DEBUG_INFORMATION_FORMAT = "dwarf-with-dsym";
				ENABLE_NS_ASSERTIONS = NO;
				ENABLE_STRICT_OBJC_MSGSEND = YES;
				GCC_C_LANGUAGE_STANDARD = gnu11;
				GCC_NO_COMMON_BLOCKS = YES;
				GCC_WARN_64_TO_32_BIT_CONVERSION = YES;
				GCC_WARN_ABOUT_RETURN_TYPE = YES_ERROR;
				GCC_WARN_UNDECLARED_SELECTOR = YES;
				GCC_WARN_UNINITIALIZED_AUTOS = YES_AGGRESSIVE;
				GCC_WARN_UNUSED_FUNCTION = YES;
				GCC_WARN_UNUSED_VARIABLE = YES;
				IPHONEOS_DEPLOYMENT_TARGET = 13.2;
				MTL_ENABLE_DEBUG_INFO = NO;
				MTL_FAST_MATH = YES;
				SDKROOT = iphoneos;
				SWIFT_COMPILATION_MODE = wholemodule;
				SWIFT_OPTIMIZATION_LEVEL = "-O";
				VALIDATE_PRODUCT = YES;
			};
			name = Release;
		};
		682EDBFC23DE0DF400423ACC /* Debug */ = {
			isa = XCBuildConfiguration;
			buildSettings = {
				ASSETCATALOG_COMPILER_APPICON_NAME = AppIcon;
				CODE_SIGN_ENTITLEMENTS = GitHubFollowers/GitHubFollowers.entitlements;
				CODE_SIGN_STYLE = Automatic;
				DEVELOPMENT_TEAM = 4H6F2UW83S;
				INFOPLIST_FILE = GitHubFollowers/Info.plist;
				LD_RUNPATH_SEARCH_PATHS = (
					"$(inherited)",
					"@executable_path/Frameworks",
				);
				PRODUCT_BUNDLE_IDENTIFIER = com.edgar.gonzalez.GitHubFollowers;
				PRODUCT_NAME = "$(TARGET_NAME)";
				SWIFT_VERSION = 5.0;
				TARGETED_DEVICE_FAMILY = "1,2";
			};
			name = Debug;
		};
		682EDBFD23DE0DF400423ACC /* Release */ = {
			isa = XCBuildConfiguration;
			buildSettings = {
				ASSETCATALOG_COMPILER_APPICON_NAME = AppIcon;
				CODE_SIGN_ENTITLEMENTS = GitHubFollowers/GitHubFollowers.entitlements;
				CODE_SIGN_STYLE = Automatic;
				DEVELOPMENT_TEAM = 4H6F2UW83S;
				INFOPLIST_FILE = GitHubFollowers/Info.plist;
				LD_RUNPATH_SEARCH_PATHS = (
					"$(inherited)",
					"@executable_path/Frameworks",
				);
				PRODUCT_BUNDLE_IDENTIFIER = com.edgar.gonzalez.GitHubFollowers;
				PRODUCT_NAME = "$(TARGET_NAME)";
				SWIFT_VERSION = 5.0;
				TARGETED_DEVICE_FAMILY = "1,2";
			};
			name = Release;
		};
		9E8AF96F24DE96E700023536 /* Debug */ = {
			isa = XCBuildConfiguration;
			buildSettings = {
				BUNDLE_LOADER = "$(TEST_HOST)";
				CODE_SIGN_STYLE = Automatic;
				INFOPLIST_FILE = GitHubFollowersTests/Info.plist;
				IPHONEOS_DEPLOYMENT_TARGET = 13.6;
				LD_RUNPATH_SEARCH_PATHS = (
					"$(inherited)",
					"@executable_path/Frameworks",
					"@loader_path/Frameworks",
				);
				PRODUCT_BUNDLE_IDENTIFIER = com.edgar.gonzalez.GitHubFollowersTests;
				PRODUCT_NAME = "$(TARGET_NAME)";
				SWIFT_VERSION = 5.0;
				TARGETED_DEVICE_FAMILY = "1,2";
				TEST_HOST = "$(BUILT_PRODUCTS_DIR)/GitHubFollowers.app/GitHubFollowers";
			};
			name = Debug;
		};
		9E8AF97024DE96E700023536 /* Release */ = {
			isa = XCBuildConfiguration;
			buildSettings = {
				BUNDLE_LOADER = "$(TEST_HOST)";
				CODE_SIGN_STYLE = Automatic;
				INFOPLIST_FILE = GitHubFollowersTests/Info.plist;
				IPHONEOS_DEPLOYMENT_TARGET = 13.6;
				LD_RUNPATH_SEARCH_PATHS = (
					"$(inherited)",
					"@executable_path/Frameworks",
					"@loader_path/Frameworks",
				);
				PRODUCT_BUNDLE_IDENTIFIER = com.edgar.gonzalez.GitHubFollowersTests;
				PRODUCT_NAME = "$(TARGET_NAME)";
				SWIFT_VERSION = 5.0;
				TARGETED_DEVICE_FAMILY = "1,2";
				TEST_HOST = "$(BUILT_PRODUCTS_DIR)/GitHubFollowers.app/GitHubFollowers";
			};
			name = Release;
		};
		9E8DE112251CFBE700CFF46B /* Debug */ = {
			isa = XCBuildConfiguration;
			buildSettings = {
				"CODE_SIGN_IDENTITY[sdk=macosx*]" = "Apple Development";
				CODE_SIGN_STYLE = Automatic;
				DEVELOPMENT_TEAM = 4H6F2UW83S;
				INFOPLIST_FILE = GitHubFollowersUITests/Info.plist;
				IPHONEOS_DEPLOYMENT_TARGET = 14.0;
				LD_RUNPATH_SEARCH_PATHS = (
					"$(inherited)",
					"@executable_path/Frameworks",
					"@loader_path/Frameworks",
				);
				PRODUCT_BUNDLE_IDENTIFIER = com.edgar.gonzalez.GitHubFollowersUITests;
				PRODUCT_NAME = "$(TARGET_NAME)";
				SWIFT_VERSION = 5.0;
				TARGETED_DEVICE_FAMILY = "1,2";
				TEST_TARGET_NAME = GitHubFollowers;
			};
			name = Debug;
		};
		9E8DE113251CFBE700CFF46B /* Release */ = {
			isa = XCBuildConfiguration;
			buildSettings = {
				"CODE_SIGN_IDENTITY[sdk=macosx*]" = "Apple Development";
				CODE_SIGN_STYLE = Automatic;
				DEVELOPMENT_TEAM = 4H6F2UW83S;
				INFOPLIST_FILE = GitHubFollowersUITests/Info.plist;
				IPHONEOS_DEPLOYMENT_TARGET = 14.0;
				LD_RUNPATH_SEARCH_PATHS = (
					"$(inherited)",
					"@executable_path/Frameworks",
					"@loader_path/Frameworks",
				);
				PRODUCT_BUNDLE_IDENTIFIER = com.edgar.gonzalez.GitHubFollowersUITests;
				PRODUCT_NAME = "$(TARGET_NAME)";
				SWIFT_VERSION = 5.0;
				TARGETED_DEVICE_FAMILY = "1,2";
				TEST_TARGET_NAME = GitHubFollowers;
			};
			name = Release;
		};
/* End XCBuildConfiguration section */

/* Begin XCConfigurationList section */
		682EDBE223DE0DF300423ACC /* Build configuration list for PBXProject "GitHubFollowers" */ = {
			isa = XCConfigurationList;
			buildConfigurations = (
				682EDBF923DE0DF400423ACC /* Debug */,
				682EDBFA23DE0DF400423ACC /* Release */,
			);
			defaultConfigurationIsVisible = 0;
			defaultConfigurationName = Release;
		};
		682EDBFB23DE0DF400423ACC /* Build configuration list for PBXNativeTarget "GitHubFollowers" */ = {
			isa = XCConfigurationList;
			buildConfigurations = (
				682EDBFC23DE0DF400423ACC /* Debug */,
				682EDBFD23DE0DF400423ACC /* Release */,
			);
			defaultConfigurationIsVisible = 0;
			defaultConfigurationName = Release;
		};
		9E8AF97124DE96E700023536 /* Build configuration list for PBXNativeTarget "GitHubFollowersTests" */ = {
			isa = XCConfigurationList;
			buildConfigurations = (
				9E8AF96F24DE96E700023536 /* Debug */,
				9E8AF97024DE96E700023536 /* Release */,
			);
			defaultConfigurationIsVisible = 0;
			defaultConfigurationName = Release;
		};
		9E8DE114251CFBE700CFF46B /* Build configuration list for PBXNativeTarget "GitHubFollowersUITests" */ = {
			isa = XCConfigurationList;
			buildConfigurations = (
				9E8DE112251CFBE700CFF46B /* Debug */,
				9E8DE113251CFBE700CFF46B /* Release */,
			);
			defaultConfigurationIsVisible = 0;
			defaultConfigurationName = Release;
		};
/* End XCConfigurationList section */

/* Begin XCVersionGroup section */
		9E07576B2513EBDC007390FD /* Favorites.xcdatamodeld */ = {
			isa = XCVersionGroup;
			children = (
				9E07576C2513EBDC007390FD /* Favorites.xcdatamodel */,
			);
			currentVersion = 9E07576C2513EBDC007390FD /* Favorites.xcdatamodel */;
			path = Favorites.xcdatamodeld;
			sourceTree = "<group>";
			versionGroupType = wrapper.xcdatamodel;
		};
/* End XCVersionGroup section */
	};
	rootObject = 682EDBDF23DE0DF300423ACC /* Project object */;
}
